
Microsoft Visual Studio Solution File, Format Version 12.00
# Visual Studio 14
VisualStudioVersion = 14.0.25420.1
MinimumVisualStudioVersion = 10.0.40219.1
Project("{FAE04EC0-301F-11D3-BF4B-00C04F79EFBC}") = "SamostRabota", "SamostRabota\SamostRabota.csproj", "{FEE31C2A-0C21-42E6-BAD5-454C3CB329A4}"
EndProject
Project("{FAE04EC0-301F-11D3-BF4B-00C04F79EFBC}") = "test", "test\test.csproj", "{2B858D6A-424D-4F16-963D-B04BFF973C77}"
EndProject
Project("{FAE04EC0-301F-11D3-BF4B-00C04F79EFBC}") = "RailwayStation", "RailwayStation\RailwayStation.csproj", "{F6AE1CDB-0830-4441-A683-EDDA28CF9785}"
EndProject
Global
	GlobalSection(SolutionConfigurationPlatforms) = preSolution
		Debug|Any CPU = Debug|Any CPU
		Release|Any CPU = Release|Any CPU
	EndGlobalSection
	GlobalSection(ProjectConfigurationPlatforms) = postSolution
		{FEE31C2A-0C21-42E6-BAD5-454C3CB329A4}.Debug|Any CPU.ActiveCfg = Debug|Any CPU
		{FEE31C2A-0C21-42E6-BAD5-454C3CB329A4}.Debug|Any CPU.Build.0 = Debug|Any CPU
		{FEE31C2A-0C21-42E6-BAD5-454C3CB329A4}.Release|Any CPU.ActiveCfg = Release|Any CPU
		{FEE31C2A-0C21-42E6-BAD5-454C3CB329A4}.Release|Any CPU.Build.0 = Release|Any CPU
		{2B858D6A-424D-4F16-963D-B04BFF973C77}.Debug|Any CPU.ActiveCfg = Debug|Any CPU
		{2B858D6A-424D-4F16-963D-B04BFF973C77}.Debug|Any CPU.Build.0 = Debug|Any CPU
		{2B858D6A-424D-4F16-963D-B04BFF973C77}.Release|Any CPU.ActiveCfg = Release|Any CPU
		{2B858D6A-424D-4F16-963D-B04BFF973C77}.Release|Any CPU.Build.0 = Release|Any CPU
		{F6AE1CDB-0830-4441-A683-EDDA28CF9785}.Debug|Any CPU.ActiveCfg = Debug|Any CPU
		{F6AE1CDB-0830-4441-A683-EDDA28CF9785}.Debug|Any CPU.Build.0 = Debug|Any CPU
		{F6AE1CDB-0830-4441-A683-EDDA28CF9785}.Release|Any CPU.ActiveCfg = Release|Any CPU
		{F6AE1CDB-0830-4441-A683-EDDA28CF9785}.Release|Any CPU.Build.0 = Release|Any CPU
	EndGlobalSection
	GlobalSection(SolutionProperties) = preSolution
		HideSolutionNode = FALSE
	EndGlobalSection
EndGlobal
