
Microsoft Visual Studio Solution File, Format Version 12.00
# Visual Studio 14
VisualStudioVersion = 14.0.25420.1
MinimumVisualStudioVersion = 10.0.40219.1
Project("{FAE04EC0-301F-11D3-BF4B-00C04F79EFBC}") = "Lab1_1", "Lab1\Lab1_1.csproj", "{290F3E9D-C7F7-4895-913E-11E01D437A05}"
EndProject
Project("{FAE04EC0-301F-11D3-BF4B-00C04F79EFBC}") = "Lab1_2", "Lab1_2\Lab1_2.csproj", "{CFAA41A9-5F46-4BAD-A139-61D85F53BEF9}"
EndProject
Project("{FAE04EC0-301F-11D3-BF4B-00C04F79EFBC}") = "Lab1_3", "Lab1_3\Lab1_3.csproj", "{F0A615BE-8AE2-4750-B282-D468C5362CE4}"
EndProject
Project("{FAE04EC0-301F-11D3-BF4B-00C04F79EFBC}") = "Lab1_4", "Lab1_4\Lab1_4.csproj", "{3A15E820-FEBB-4956-B39E-6629227A3242}"
EndProject
Project("{FAE04EC0-301F-11D3-BF4B-00C04F79EFBC}") = "Lab1_5", "Lab1_5\Lab1_5.csproj", "{E3F6BB60-B366-4E64-9A43-22560F735E30}"
EndProject
Project("{FAE04EC0-301F-11D3-BF4B-00C04F79EFBC}") = "Lab1_6", "Lab1_6\Lab1_6.csproj", "{D9460C52-7478-4179-8CD1-126F76C2657F}"
EndProject
Project("{FAE04EC0-301F-11D3-BF4B-00C04F79EFBC}") = "Sam1_1", "Sam1_1\Sam1_1.csproj", "{E0EFF9D2-0D1D-4AD8-8625-0DFB65EEDF21}"
EndProject
Project("{FAE04EC0-301F-11D3-BF4B-00C04F79EFBC}") = "Sam1_2", "Sam1_2\Sam1_2.csproj", "{B0B1DF2E-6C65-48F6-BCDC-C411D79849DE}"
EndProject
Project("{FAE04EC0-301F-11D3-BF4B-00C04F79EFBC}") = "Example", "Example\Example.csproj", "{9B7A5FE9-F40C-4548-8C25-2E9BA6235012}"
EndProject
Project("{FAE04EC0-301F-11D3-BF4B-00C04F79EFBC}") = "Sam1_3", "Sam1_3\Sam1_3.csproj", "{67E59CC8-2AC2-40AD-A58A-205AB21114CC}"
EndProject
Project("{FAE04EC0-301F-11D3-BF4B-00C04F79EFBC}") = "Sam1_4", "Sam1_4\Sam1_4.csproj", "{996B4CED-9314-4C5B-AA2C-3A0CE00581ED}"
EndProject
Project("{FAE04EC0-301F-11D3-BF4B-00C04F79EFBC}") = "Sam1_5", "Sam1_5\Sam1_5.csproj", "{40B42C26-170F-4C47-9AD4-2AD6B85CBE1C}"
EndProject
Project("{FAE04EC0-301F-11D3-BF4B-00C04F79EFBC}") = "Sam2_1", "Sam2_1\Sam2_1.csproj", "{34C7D388-8D92-4F84-861F-3EB8CD7E1798}"
EndProject
Project("{FAE04EC0-301F-11D3-BF4B-00C04F79EFBC}") = "Sam2_2", "Sam2_2\Sam2_2.csproj", "{15B8888E-01B9-4D12-83B7-E01C025AEC42}"
EndProject
Project("{FAE04EC0-301F-11D3-BF4B-00C04F79EFBC}") = "Sam2_3", "Sam2_3\Sam2_3.csproj", "{7A5A67B8-0FAD-4C37-BD5A-949CC6DB644D}"
EndProject
Project("{FAE04EC0-301F-11D3-BF4B-00C04F79EFBC}") = "Sam2_4", "Sam2_4\Sam2_4.csproj", "{95D63F6B-461C-4DB5-AC3C-D058E22D676B}"
EndProject
Project("{FAE04EC0-301F-11D3-BF4B-00C04F79EFBC}") = "Sam2_5", "Sam2_5\Sam2_5.csproj", "{FC36D192-7550-4ABB-BDCE-5F51DA0BE1F0}"
EndProject
Project("{FAE04EC0-301F-11D3-BF4B-00C04F79EFBC}") = "Sam2_6", "Sam2_6\Sam2_6.csproj", "{8FD6AE51-CAE1-4BC8-BAED-95FDD0B487BD}"
EndProject
Project("{FAE04EC0-301F-11D3-BF4B-00C04F79EFBC}") = "zrecurs01", "recurs01\zrecurs01.csproj", "{9567A72A-05E2-41D2-B29C-04018B10FC14}"
EndProject
Project("{FAE04EC0-301F-11D3-BF4B-00C04F79EFBC}") = "zrecurs02", "zrecurs02\zrecurs02.csproj", "{A307757E-4E74-4EAA-8A68-1ECC312849BC}"
EndProject
Global
	GlobalSection(SolutionConfigurationPlatforms) = preSolution
		Debug|Any CPU = Debug|Any CPU
		Debug|x86 = Debug|x86
		Release|Any CPU = Release|Any CPU
		Release|x86 = Release|x86
	EndGlobalSection
	GlobalSection(ProjectConfigurationPlatforms) = postSolution
		{290F3E9D-C7F7-4895-913E-11E01D437A05}.Debug|Any CPU.ActiveCfg = Debug|x86
		{290F3E9D-C7F7-4895-913E-11E01D437A05}.Debug|x86.ActiveCfg = Debug|x86
		{290F3E9D-C7F7-4895-913E-11E01D437A05}.Debug|x86.Build.0 = Debug|x86
		{290F3E9D-C7F7-4895-913E-11E01D437A05}.Release|Any CPU.ActiveCfg = Release|x86
		{290F3E9D-C7F7-4895-913E-11E01D437A05}.Release|x86.ActiveCfg = Release|x86
		{290F3E9D-C7F7-4895-913E-11E01D437A05}.Release|x86.Build.0 = Release|x86
		{CFAA41A9-5F46-4BAD-A139-61D85F53BEF9}.Debug|Any CPU.ActiveCfg = Debug|x86
		{CFAA41A9-5F46-4BAD-A139-61D85F53BEF9}.Debug|x86.ActiveCfg = Debug|x86
		{CFAA41A9-5F46-4BAD-A139-61D85F53BEF9}.Debug|x86.Build.0 = Debug|x86
		{CFAA41A9-5F46-4BAD-A139-61D85F53BEF9}.Release|Any CPU.ActiveCfg = Release|x86
		{CFAA41A9-5F46-4BAD-A139-61D85F53BEF9}.Release|x86.ActiveCfg = Release|x86
		{CFAA41A9-5F46-4BAD-A139-61D85F53BEF9}.Release|x86.Build.0 = Release|x86
		{F0A615BE-8AE2-4750-B282-D468C5362CE4}.Debug|Any CPU.ActiveCfg = Debug|x86
		{F0A615BE-8AE2-4750-B282-D468C5362CE4}.Debug|x86.ActiveCfg = Debug|x86
		{F0A615BE-8AE2-4750-B282-D468C5362CE4}.Debug|x86.Build.0 = Debug|x86
		{F0A615BE-8AE2-4750-B282-D468C5362CE4}.Release|Any CPU.ActiveCfg = Release|x86
		{F0A615BE-8AE2-4750-B282-D468C5362CE4}.Release|x86.ActiveCfg = Release|x86
		{F0A615BE-8AE2-4750-B282-D468C5362CE4}.Release|x86.Build.0 = Release|x86
		{3A15E820-FEBB-4956-B39E-6629227A3242}.Debug|Any CPU.ActiveCfg = Debug|x86
		{3A15E820-FEBB-4956-B39E-6629227A3242}.Debug|x86.ActiveCfg = Debug|x86
		{3A15E820-FEBB-4956-B39E-6629227A3242}.Debug|x86.Build.0 = Debug|x86
		{3A15E820-FEBB-4956-B39E-6629227A3242}.Release|Any CPU.ActiveCfg = Release|x86
		{3A15E820-FEBB-4956-B39E-6629227A3242}.Release|x86.ActiveCfg = Release|x86
		{3A15E820-FEBB-4956-B39E-6629227A3242}.Release|x86.Build.0 = Release|x86
		{E3F6BB60-B366-4E64-9A43-22560F735E30}.Debug|Any CPU.ActiveCfg = Debug|x86
		{E3F6BB60-B366-4E64-9A43-22560F735E30}.Debug|x86.ActiveCfg = Debug|x86
		{E3F6BB60-B366-4E64-9A43-22560F735E30}.Debug|x86.Build.0 = Debug|x86
		{E3F6BB60-B366-4E64-9A43-22560F735E30}.Release|Any CPU.ActiveCfg = Release|x86
		{E3F6BB60-B366-4E64-9A43-22560F735E30}.Release|x86.ActiveCfg = Release|x86
		{E3F6BB60-B366-4E64-9A43-22560F735E30}.Release|x86.Build.0 = Release|x86
		{D9460C52-7478-4179-8CD1-126F76C2657F}.Debug|Any CPU.ActiveCfg = Debug|x86
		{D9460C52-7478-4179-8CD1-126F76C2657F}.Debug|x86.ActiveCfg = Debug|x86
		{D9460C52-7478-4179-8CD1-126F76C2657F}.Debug|x86.Build.0 = Debug|x86
		{D9460C52-7478-4179-8CD1-126F76C2657F}.Release|Any CPU.ActiveCfg = Release|x86
		{D9460C52-7478-4179-8CD1-126F76C2657F}.Release|x86.ActiveCfg = Release|x86
		{D9460C52-7478-4179-8CD1-126F76C2657F}.Release|x86.Build.0 = Release|x86
		{E0EFF9D2-0D1D-4AD8-8625-0DFB65EEDF21}.Debug|Any CPU.ActiveCfg = Debug|x86
		{E0EFF9D2-0D1D-4AD8-8625-0DFB65EEDF21}.Debug|x86.ActiveCfg = Debug|x86
		{E0EFF9D2-0D1D-4AD8-8625-0DFB65EEDF21}.Debug|x86.Build.0 = Debug|x86
		{E0EFF9D2-0D1D-4AD8-8625-0DFB65EEDF21}.Release|Any CPU.ActiveCfg = Release|x86
		{E0EFF9D2-0D1D-4AD8-8625-0DFB65EEDF21}.Release|x86.ActiveCfg = Release|x86
		{E0EFF9D2-0D1D-4AD8-8625-0DFB65EEDF21}.Release|x86.Build.0 = Release|x86
		{B0B1DF2E-6C65-48F6-BCDC-C411D79849DE}.Debug|Any CPU.ActiveCfg = Debug|x86
		{B0B1DF2E-6C65-48F6-BCDC-C411D79849DE}.Debug|x86.ActiveCfg = Debug|x86
		{B0B1DF2E-6C65-48F6-BCDC-C411D79849DE}.Debug|x86.Build.0 = Debug|x86
		{B0B1DF2E-6C65-48F6-BCDC-C411D79849DE}.Release|Any CPU.ActiveCfg = Release|x86
		{B0B1DF2E-6C65-48F6-BCDC-C411D79849DE}.Release|x86.ActiveCfg = Release|x86
		{B0B1DF2E-6C65-48F6-BCDC-C411D79849DE}.Release|x86.Build.0 = Release|x86
		{9B7A5FE9-F40C-4548-8C25-2E9BA6235012}.Debug|Any CPU.ActiveCfg = Debug|x86
		{9B7A5FE9-F40C-4548-8C25-2E9BA6235012}.Debug|x86.ActiveCfg = Debug|x86
		{9B7A5FE9-F40C-4548-8C25-2E9BA6235012}.Debug|x86.Build.0 = Debug|x86
		{9B7A5FE9-F40C-4548-8C25-2E9BA6235012}.Release|Any CPU.ActiveCfg = Release|x86
		{9B7A5FE9-F40C-4548-8C25-2E9BA6235012}.Release|x86.ActiveCfg = Release|x86
		{9B7A5FE9-F40C-4548-8C25-2E9BA6235012}.Release|x86.Build.0 = Release|x86
		{67E59CC8-2AC2-40AD-A58A-205AB21114CC}.Debug|Any CPU.ActiveCfg = Debug|x86
		{67E59CC8-2AC2-40AD-A58A-205AB21114CC}.Debug|x86.ActiveCfg = Debug|x86
		{67E59CC8-2AC2-40AD-A58A-205AB21114CC}.Debug|x86.Build.0 = Debug|x86
		{67E59CC8-2AC2-40AD-A58A-205AB21114CC}.Release|Any CPU.ActiveCfg = Release|x86
		{67E59CC8-2AC2-40AD-A58A-205AB21114CC}.Release|x86.ActiveCfg = Release|x86
		{67E59CC8-2AC2-40AD-A58A-205AB21114CC}.Release|x86.Build.0 = Release|x86
		{996B4CED-9314-4C5B-AA2C-3A0CE00581ED}.Debug|Any CPU.ActiveCfg = Debug|x86
		{996B4CED-9314-4C5B-AA2C-3A0CE00581ED}.Debug|x86.ActiveCfg = Debug|x86
		{996B4CED-9314-4C5B-AA2C-3A0CE00581ED}.Debug|x86.Build.0 = Debug|x86
		{996B4CED-9314-4C5B-AA2C-3A0CE00581ED}.Release|Any CPU.ActiveCfg = Release|x86
		{996B4CED-9314-4C5B-AA2C-3A0CE00581ED}.Release|x86.ActiveCfg = Release|x86
		{996B4CED-9314-4C5B-AA2C-3A0CE00581ED}.Release|x86.Build.0 = Release|x86
		{40B42C26-170F-4C47-9AD4-2AD6B85CBE1C}.Debug|Any CPU.ActiveCfg = Debug|x86
		{40B42C26-170F-4C47-9AD4-2AD6B85CBE1C}.Debug|x86.ActiveCfg = Debug|x86
		{40B42C26-170F-4C47-9AD4-2AD6B85CBE1C}.Debug|x86.Build.0 = Debug|x86
		{40B42C26-170F-4C47-9AD4-2AD6B85CBE1C}.Release|Any CPU.ActiveCfg = Release|x86
		{40B42C26-170F-4C47-9AD4-2AD6B85CBE1C}.Release|x86.ActiveCfg = Release|x86
		{40B42C26-170F-4C47-9AD4-2AD6B85CBE1C}.Release|x86.Build.0 = Release|x86
		{34C7D388-8D92-4F84-861F-3EB8CD7E1798}.Debug|Any CPU.ActiveCfg = Debug|x86
		{34C7D388-8D92-4F84-861F-3EB8CD7E1798}.Debug|x86.ActiveCfg = Debug|x86
		{34C7D388-8D92-4F84-861F-3EB8CD7E1798}.Debug|x86.Build.0 = Debug|x86
		{34C7D388-8D92-4F84-861F-3EB8CD7E1798}.Release|Any CPU.ActiveCfg = Release|x86
		{34C7D388-8D92-4F84-861F-3EB8CD7E1798}.Release|x86.ActiveCfg = Release|x86
		{34C7D388-8D92-4F84-861F-3EB8CD7E1798}.Release|x86.Build.0 = Release|x86
		{15B8888E-01B9-4D12-83B7-E01C025AEC42}.Debug|Any CPU.ActiveCfg = Debug|x86
		{15B8888E-01B9-4D12-83B7-E01C025AEC42}.Debug|x86.ActiveCfg = Debug|x86
		{15B8888E-01B9-4D12-83B7-E01C025AEC42}.Debug|x86.Build.0 = Debug|x86
		{15B8888E-01B9-4D12-83B7-E01C025AEC42}.Release|Any CPU.ActiveCfg = Release|x86
		{15B8888E-01B9-4D12-83B7-E01C025AEC42}.Release|x86.ActiveCfg = Release|x86
		{15B8888E-01B9-4D12-83B7-E01C025AEC42}.Release|x86.Build.0 = Release|x86
		{7A5A67B8-0FAD-4C37-BD5A-949CC6DB644D}.Debug|Any CPU.ActiveCfg = Debug|x86
		{7A5A67B8-0FAD-4C37-BD5A-949CC6DB644D}.Debug|x86.ActiveCfg = Debug|x86
		{7A5A67B8-0FAD-4C37-BD5A-949CC6DB644D}.Debug|x86.Build.0 = Debug|x86
		{7A5A67B8-0FAD-4C37-BD5A-949CC6DB644D}.Release|Any CPU.ActiveCfg = Release|x86
		{7A5A67B8-0FAD-4C37-BD5A-949CC6DB644D}.Release|x86.ActiveCfg = Release|x86
		{7A5A67B8-0FAD-4C37-BD5A-949CC6DB644D}.Release|x86.Build.0 = Release|x86
		{95D63F6B-461C-4DB5-AC3C-D058E22D676B}.Debug|Any CPU.ActiveCfg = Debug|x86
		{95D63F6B-461C-4DB5-AC3C-D058E22D676B}.Debug|x86.ActiveCfg = Debug|x86
		{95D63F6B-461C-4DB5-AC3C-D058E22D676B}.Debug|x86.Build.0 = Debug|x86
		{95D63F6B-461C-4DB5-AC3C-D058E22D676B}.Release|Any CPU.ActiveCfg = Release|x86
		{95D63F6B-461C-4DB5-AC3C-D058E22D676B}.Release|x86.ActiveCfg = Release|x86
		{95D63F6B-461C-4DB5-AC3C-D058E22D676B}.Release|x86.Build.0 = Release|x86
		{FC36D192-7550-4ABB-BDCE-5F51DA0BE1F0}.Debug|Any CPU.ActiveCfg = Debug|Any CPU
		{FC36D192-7550-4ABB-BDCE-5F51DA0BE1F0}.Debug|Any CPU.Build.0 = Debug|Any CPU
		{FC36D192-7550-4ABB-BDCE-5F51DA0BE1F0}.Debug|x86.ActiveCfg = Debug|Any CPU
		{FC36D192-7550-4ABB-BDCE-5F51DA0BE1F0}.Debug|x86.Build.0 = Debug|Any CPU
		{FC36D192-7550-4ABB-BDCE-5F51DA0BE1F0}.Release|Any CPU.ActiveCfg = Release|Any CPU
		{FC36D192-7550-4ABB-BDCE-5F51DA0BE1F0}.Release|Any CPU.Build.0 = Release|Any CPU
		{FC36D192-7550-4ABB-BDCE-5F51DA0BE1F0}.Release|x86.ActiveCfg = Release|Any CPU
		{FC36D192-7550-4ABB-BDCE-5F51DA0BE1F0}.Release|x86.Build.0 = Release|Any CPU
		{8FD6AE51-CAE1-4BC8-BAED-95FDD0B487BD}.Debug|Any CPU.ActiveCfg = Debug|Any CPU
		{8FD6AE51-CAE1-4BC8-BAED-95FDD0B487BD}.Debug|Any CPU.Build.0 = Debug|Any CPU
		{8FD6AE51-CAE1-4BC8-BAED-95FDD0B487BD}.Debug|x86.ActiveCfg = Debug|Any CPU
		{8FD6AE51-CAE1-4BC8-BAED-95FDD0B487BD}.Debug|x86.Build.0 = Debug|Any CPU
		{8FD6AE51-CAE1-4BC8-BAED-95FDD0B487BD}.Release|Any CPU.ActiveCfg = Release|Any CPU
		{8FD6AE51-CAE1-4BC8-BAED-95FDD0B487BD}.Release|Any CPU.Build.0 = Release|Any CPU
		{8FD6AE51-CAE1-4BC8-BAED-95FDD0B487BD}.Release|x86.ActiveCfg = Release|Any CPU
		{8FD6AE51-CAE1-4BC8-BAED-95FDD0B487BD}.Release|x86.Build.0 = Release|Any CPU
		{9567A72A-05E2-41D2-B29C-04018B10FC14}.Debug|Any CPU.ActiveCfg = Debug|Any CPU
		{9567A72A-05E2-41D2-B29C-04018B10FC14}.Debug|Any CPU.Build.0 = Debug|Any CPU
		{9567A72A-05E2-41D2-B29C-04018B10FC14}.Debug|x86.ActiveCfg = Debug|Any CPU
		{9567A72A-05E2-41D2-B29C-04018B10FC14}.Debug|x86.Build.0 = Debug|Any CPU
		{9567A72A-05E2-41D2-B29C-04018B10FC14}.Release|Any CPU.ActiveCfg = Release|Any CPU
		{9567A72A-05E2-41D2-B29C-04018B10FC14}.Release|Any CPU.Build.0 = Release|Any CPU
		{9567A72A-05E2-41D2-B29C-04018B10FC14}.Release|x86.ActiveCfg = Release|Any CPU
		{9567A72A-05E2-41D2-B29C-04018B10FC14}.Release|x86.Build.0 = Release|Any CPU
		{A307757E-4E74-4EAA-8A68-1ECC312849BC}.Debug|Any CPU.ActiveCfg = Debug|Any CPU
		{A307757E-4E74-4EAA-8A68-1ECC312849BC}.Debug|Any CPU.Build.0 = Debug|Any CPU
		{A307757E-4E74-4EAA-8A68-1ECC312849BC}.Debug|x86.ActiveCfg = Debug|Any CPU
		{A307757E-4E74-4EAA-8A68-1ECC312849BC}.Debug|x86.Build.0 = Debug|Any CPU
		{A307757E-4E74-4EAA-8A68-1ECC312849BC}.Release|Any CPU.ActiveCfg = Release|Any CPU
		{A307757E-4E74-4EAA-8A68-1ECC312849BC}.Release|Any CPU.Build.0 = Release|Any CPU
		{A307757E-4E74-4EAA-8A68-1ECC312849BC}.Release|x86.ActiveCfg = Release|Any CPU
		{A307757E-4E74-4EAA-8A68-1ECC312849BC}.Release|x86.Build.0 = Release|Any CPU
	EndGlobalSection
	GlobalSection(SolutionProperties) = preSolution
		HideSolutionNode = FALSE
	EndGlobalSection
EndGlobal
